
Microsoft Visual Studio Solution File, Format Version 12.00
# Visual Studio Version 16
VisualStudioVersion = 16.0.31402.337
MinimumVisualStudioVersion = 10.0.40219.1
Project("{FAE04EC0-301F-11D3-BF4B-00C04F79EFBC}") = "BlazorDemoApp", "BlazorDemoApp\BlazorDemoApp.csproj", "{38F1B6FD-A21B-44A3-AC2E-91FADF691C1F}"
EndProject
Project("{FAE04EC0-301F-11D3-BF4B-00C04F79EFBC}") = "BlazorDemoApp.Data", "BlazorDemoApp.Data\BlazorDemoApp.Data.csproj", "{B810E76E-5D85-492B-AA62-AA0D1908650F}"
EndProject
Project("{FAE04EC0-301F-11D3-BF4B-00C04F79EFBC}") = "BlazorDemoApp.Services", "BlazorDemoApp.Services\BlazorDemoApp.Services.csproj", "{63A6338E-E14B-49BB-BADF-4F2287BC6807}"
EndProject
Global
	GlobalSection(SolutionConfigurationPlatforms) = preSolution
		Debug|Any CPU = Debug|Any CPU
		Release|Any CPU = Release|Any CPU
	EndGlobalSection
	GlobalSection(ProjectConfigurationPlatforms) = postSolution
		{38F1B6FD-A21B-44A3-AC2E-91FADF691C1F}.Debug|Any CPU.ActiveCfg = Debug|Any CPU
		{38F1B6FD-A21B-44A3-AC2E-91FADF691C1F}.Debug|Any CPU.Build.0 = Debug|Any CPU
		{38F1B6FD-A21B-44A3-AC2E-91FADF691C1F}.Release|Any CPU.ActiveCfg = Release|Any CPU
		{38F1B6FD-A21B-44A3-AC2E-91FADF691C1F}.Release|Any CPU.Build.0 = Release|Any CPU
		{B810E76E-5D85-492B-AA62-AA0D1908650F}.Debug|Any CPU.ActiveCfg = Debug|Any CPU
		{B810E76E-5D85-492B-AA62-AA0D1908650F}.Debug|Any CPU.Build.0 = Debug|Any CPU
		{B810E76E-5D85-492B-AA62-AA0D1908650F}.Release|Any CPU.ActiveCfg = Release|Any CPU
		{B810E76E-5D85-492B-AA62-AA0D1908650F}.Release|Any CPU.Build.0 = Release|Any CPU
		{63A6338E-E14B-49BB-BADF-4F2287BC6807}.Debug|Any CPU.ActiveCfg = Debug|Any CPU
		{63A6338E-E14B-49BB-BADF-4F2287BC6807}.Debug|Any CPU.Build.0 = Debug|Any CPU
		{63A6338E-E14B-49BB-BADF-4F2287BC6807}.Release|Any CPU.ActiveCfg = Release|Any CPU
		{63A6338E-E14B-49BB-BADF-4F2287BC6807}.Release|Any CPU.Build.0 = Release|Any CPU
	EndGlobalSection
	GlobalSection(SolutionProperties) = preSolution
		HideSolutionNode = FALSE
	EndGlobalSection
	GlobalSection(ExtensibilityGlobals) = postSolution
		SolutionGuid = {A986EF44-0D52-466C-AF99-CFFF7EC06649}
	EndGlobalSection
EndGlobal
